
Microsoft Visual Studio Solution File, Format Version 12.00
# Visual Studio 2013
VisualStudioVersion = 12.0.21005.1
MinimumVisualStudioVersion = 10.0.40219.1
Project("{FAE04EC0-301F-11D3-BF4B-00C04F79EFBC}") = "MidiParser", "MidiParser\MidiParser.csproj", "{03B3CE6C-C4F7-4531-A13B-DF1FC02554A0}"
EndProject
Project("{FAE04EC0-301F-11D3-BF4B-00C04F79EFBC}") = "ComOutput", "ComOutput\ComOutput.csproj", "{E78B89A6-A28B-4ED1-A259-56AA8BC4CCF5}"
EndProject
Project("{FAE04EC0-301F-11D3-BF4B-00C04F79EFBC}") = "FloppyMusicOrgan", "FloppyMusicOrgan\FloppyMusicOrgan.csproj", "{E2F0887D-E456-40E2-9DCC-8467CE10420C}"
EndProject
Project("{FAE04EC0-301F-11D3-BF4B-00C04F79EFBC}") = "MidiPlayer", "MidiPlayer\MidiPlayer.csproj", "{BB2495B5-778D-41DC-839B-DE1F86380498}"
EndProject
Project("{FAE04EC0-301F-11D3-BF4B-00C04F79EFBC}") = "MidiToArduinoConverter", "MidiToArduinoConverter\MidiToArduinoConverter.csproj", "{89694365-3F1A-4774-BD47-F1EB39EFCF55}"
EndProject
Global
	GlobalSection(SolutionConfigurationPlatforms) = preSolution
		Debug|Any CPU = Debug|Any CPU
		Release|Any CPU = Release|Any CPU
	EndGlobalSection
	GlobalSection(ProjectConfigurationPlatforms) = postSolution
		{03B3CE6C-C4F7-4531-A13B-DF1FC02554A0}.Debug|Any CPU.ActiveCfg = Debug|Any CPU
		{03B3CE6C-C4F7-4531-A13B-DF1FC02554A0}.Debug|Any CPU.Build.0 = Debug|Any CPU
		{03B3CE6C-C4F7-4531-A13B-DF1FC02554A0}.Release|Any CPU.ActiveCfg = Release|Any CPU
		{03B3CE6C-C4F7-4531-A13B-DF1FC02554A0}.Release|Any CPU.Build.0 = Release|Any CPU
		{E78B89A6-A28B-4ED1-A259-56AA8BC4CCF5}.Debug|Any CPU.ActiveCfg = Debug|Any CPU
		{E78B89A6-A28B-4ED1-A259-56AA8BC4CCF5}.Debug|Any CPU.Build.0 = Debug|Any CPU
		{E78B89A6-A28B-4ED1-A259-56AA8BC4CCF5}.Release|Any CPU.ActiveCfg = Release|Any CPU
		{E78B89A6-A28B-4ED1-A259-56AA8BC4CCF5}.Release|Any CPU.Build.0 = Release|Any CPU
		{E2F0887D-E456-40E2-9DCC-8467CE10420C}.Debug|Any CPU.ActiveCfg = Debug|Any CPU
		{E2F0887D-E456-40E2-9DCC-8467CE10420C}.Debug|Any CPU.Build.0 = Debug|Any CPU
		{E2F0887D-E456-40E2-9DCC-8467CE10420C}.Release|Any CPU.ActiveCfg = Release|Any CPU
		{E2F0887D-E456-40E2-9DCC-8467CE10420C}.Release|Any CPU.Build.0 = Release|Any CPU
		{BB2495B5-778D-41DC-839B-DE1F86380498}.Debug|Any CPU.ActiveCfg = Debug|Any CPU
		{BB2495B5-778D-41DC-839B-DE1F86380498}.Debug|Any CPU.Build.0 = Debug|Any CPU
		{BB2495B5-778D-41DC-839B-DE1F86380498}.Release|Any CPU.ActiveCfg = Release|Any CPU
		{BB2495B5-778D-41DC-839B-DE1F86380498}.Release|Any CPU.Build.0 = Release|Any CPU
		{89694365-3F1A-4774-BD47-F1EB39EFCF55}.Debug|Any CPU.ActiveCfg = Debug|Any CPU
		{89694365-3F1A-4774-BD47-F1EB39EFCF55}.Debug|Any CPU.Build.0 = Debug|Any CPU
		{89694365-3F1A-4774-BD47-F1EB39EFCF55}.Release|Any CPU.ActiveCfg = Release|Any CPU
		{89694365-3F1A-4774-BD47-F1EB39EFCF55}.Release|Any CPU.Build.0 = Release|Any CPU
	EndGlobalSection
	GlobalSection(SolutionProperties) = preSolution
		HideSolutionNode = FALSE
	EndGlobalSection
EndGlobal
