
Microsoft Visual Studio Solution File, Format Version 12.00
# Visual Studio 2012
Project("{FAE04EC0-301F-11D3-BF4B-00C04F79EFBC}") = "Midi Streamer", "Midi Streamer\Midi Streamer.csproj", "{76F5BF8A-B17D-4EDF-9C3E-5A8BBA4D41D5}"
EndProject
Project("{FAE04EC0-301F-11D3-BF4B-00C04F79EFBC}") = "MidiParser", "MidiParser\MidiParser.csproj", "{03B3CE6C-C4F7-4531-A13B-DF1FC02554A0}"
EndProject
Global
	GlobalSection(SolutionConfigurationPlatforms) = preSolution
		Debug|Any CPU = Debug|Any CPU
		Release|Any CPU = Release|Any CPU
	EndGlobalSection
	GlobalSection(ProjectConfigurationPlatforms) = postSolution
		{76F5BF8A-B17D-4EDF-9C3E-5A8BBA4D41D5}.Debug|Any CPU.ActiveCfg = Debug|Any CPU
		{76F5BF8A-B17D-4EDF-9C3E-5A8BBA4D41D5}.Debug|Any CPU.Build.0 = Debug|Any CPU
		{76F5BF8A-B17D-4EDF-9C3E-5A8BBA4D41D5}.Release|Any CPU.ActiveCfg = Release|Any CPU
		{76F5BF8A-B17D-4EDF-9C3E-5A8BBA4D41D5}.Release|Any CPU.Build.0 = Release|Any CPU
		{03B3CE6C-C4F7-4531-A13B-DF1FC02554A0}.Debug|Any CPU.ActiveCfg = Debug|Any CPU
		{03B3CE6C-C4F7-4531-A13B-DF1FC02554A0}.Debug|Any CPU.Build.0 = Debug|Any CPU
		{03B3CE6C-C4F7-4531-A13B-DF1FC02554A0}.Release|Any CPU.ActiveCfg = Release|Any CPU
		{03B3CE6C-C4F7-4531-A13B-DF1FC02554A0}.Release|Any CPU.Build.0 = Release|Any CPU
	EndGlobalSection
	GlobalSection(SolutionProperties) = preSolution
		HideSolutionNode = FALSE
	EndGlobalSection
EndGlobal
